
Microsoft Visual Studio Solution File, Format Version 12.00
# Visual Studio Version 17
VisualStudioVersion = 17.0.31903.59
MinimumVisualStudioVersion = 10.0.40219.1
Project("{2150E333-8FDC-42A3-9474-1A3956D46DE8}") = "src", "src", "{12941AF8-0F35-4EA3-868C-78EDFB830392}"
EndProject
Project("{FAE04EC0-301F-11D3-BF4B-00C04F79EFBC}") = "VStartNext.Core", "src\VStartNext.Core\VStartNext.Core.csproj", "{7B473D56-E416-4842-93DB-6F9201235DD1}"
EndProject
Project("{FAE04EC0-301F-11D3-BF4B-00C04F79EFBC}") = "VStartNext.Infrastructure", "src\VStartNext.Infrastructure\VStartNext.Infrastructure.csproj", "{142A1A94-9A85-41F8-8A08-C250F225866A}"
EndProject
Project("{FAE04EC0-301F-11D3-BF4B-00C04F79EFBC}") = "VStartNext.App", "src\VStartNext.App\VStartNext.App.csproj", "{F4317668-6BB2-47FE-9C38-5058BBDF67D4}"
EndProject
Project("{2150E333-8FDC-42A3-9474-1A3956D46DE8}") = "tests", "tests", "{C142BC54-54C0-47F4-A1A2-9FE6BC2EC089}"
EndProject
Project("{FAE04EC0-301F-11D3-BF4B-00C04F79EFBC}") = "VStartNext.Core.Tests", "tests\VStartNext.Core.Tests\VStartNext.Core.Tests.csproj", "{16C5614B-4A5A-4FE1-ADDB-75D4F16E7FDB}"
EndProject
Global
	GlobalSection(SolutionConfigurationPlatforms) = preSolution
		Debug|Any CPU = Debug|Any CPU
		Release|Any CPU = Release|Any CPU
	EndGlobalSection
	GlobalSection(SolutionProperties) = preSolution
		HideSolutionNode = FALSE
	EndGlobalSection
	GlobalSection(ProjectConfigurationPlatforms) = postSolution
		{7B473D56-E416-4842-93DB-6F9201235DD1}.Debug|Any CPU.ActiveCfg = Debug|Any CPU
		{7B473D56-E416-4842-93DB-6F9201235DD1}.Debug|Any CPU.Build.0 = Debug|Any CPU
		{7B473D56-E416-4842-93DB-6F9201235DD1}.Release|Any CPU.ActiveCfg = Release|Any CPU
		{7B473D56-E416-4842-93DB-6F9201235DD1}.Release|Any CPU.Build.0 = Release|Any CPU
		{142A1A94-9A85-41F8-8A08-C250F225866A}.Debug|Any CPU.ActiveCfg = Debug|Any CPU
		{142A1A94-9A85-41F8-8A08-C250F225866A}.Debug|Any CPU.Build.0 = Debug|Any CPU
		{142A1A94-9A85-41F8-8A08-C250F225866A}.Release|Any CPU.ActiveCfg = Release|Any CPU
		{142A1A94-9A85-41F8-8A08-C250F225866A}.Release|Any CPU.Build.0 = Release|Any CPU
		{F4317668-6BB2-47FE-9C38-5058BBDF67D4}.Debug|Any CPU.ActiveCfg = Debug|Any CPU
		{F4317668-6BB2-47FE-9C38-5058BBDF67D4}.Debug|Any CPU.Build.0 = Debug|Any CPU
		{F4317668-6BB2-47FE-9C38-5058BBDF67D4}.Release|Any CPU.ActiveCfg = Release|Any CPU
		{F4317668-6BB2-47FE-9C38-5058BBDF67D4}.Release|Any CPU.Build.0 = Release|Any CPU
		{16C5614B-4A5A-4FE1-ADDB-75D4F16E7FDB}.Debug|Any CPU.ActiveCfg = Debug|Any CPU
		{16C5614B-4A5A-4FE1-ADDB-75D4F16E7FDB}.Debug|Any CPU.Build.0 = Debug|Any CPU
		{16C5614B-4A5A-4FE1-ADDB-75D4F16E7FDB}.Release|Any CPU.ActiveCfg = Release|Any CPU
		{16C5614B-4A5A-4FE1-ADDB-75D4F16E7FDB}.Release|Any CPU.Build.0 = Release|Any CPU
	EndGlobalSection
	GlobalSection(NestedProjects) = preSolution
		{7B473D56-E416-4842-93DB-6F9201235DD1} = {12941AF8-0F35-4EA3-868C-78EDFB830392}
		{142A1A94-9A85-41F8-8A08-C250F225866A} = {12941AF8-0F35-4EA3-868C-78EDFB830392}
		{F4317668-6BB2-47FE-9C38-5058BBDF67D4} = {12941AF8-0F35-4EA3-868C-78EDFB830392}
		{16C5614B-4A5A-4FE1-ADDB-75D4F16E7FDB} = {C142BC54-54C0-47F4-A1A2-9FE6BC2EC089}
	EndGlobalSection
EndGlobal
